
Microsoft Visual Studio Solution File, Format Version 12.00
# Visual Studio 15
VisualStudioVersion = 15.0.26730.16
MinimumVisualStudioVersion = 10.0.40219.1
Project("{FAE04EC0-301F-11D3-BF4B-00C04F79EFBC}") = "Resturent_Management", "Resturent_Management\Resturent_Management.csproj", "{80C4F40E-9C19-4363-B725-27C2C1BF3433}"
EndProject
Global
	GlobalSection(SolutionConfigurationPlatforms) = preSolution
		Debug|Any CPU = Debug|Any CPU
		Release|Any CPU = Release|Any CPU
	EndGlobalSection
	GlobalSection(ProjectConfigurationPlatforms) = postSolution
		{80C4F40E-9C19-4363-B725-27C2C1BF3433}.Debug|Any CPU.ActiveCfg = Debug|Any CPU
		{80C4F40E-9C19-4363-B725-27C2C1BF3433}.Debug|Any CPU.Build.0 = Debug|Any CPU
		{80C4F40E-9C19-4363-B725-27C2C1BF3433}.Release|Any CPU.ActiveCfg = Release|Any CPU
		{80C4F40E-9C19-4363-B725-27C2C1BF3433}.Release|Any CPU.Build.0 = Release|Any CPU
	EndGlobalSection
	GlobalSection(SolutionProperties) = preSolution
		HideSolutionNode = FALSE
	EndGlobalSection
	GlobalSection(ExtensibilityGlobals) = postSolution
		SolutionGuid = {4ECB6757-D007-4B61-BF03-83295A7D88A2}
	EndGlobalSection
EndGlobal
